{
    "_meta": {
        "hash": {
            "sha256": "2ca664037db07ce64942c8bbf821ea0eecd21ed01d9460e2a1c90cf08f3ee08d"
        },
        "pipfile-spec": 6,
        "requires": {},
        "sources": [
            {
                "name": "pypi",
                "url": "https://pypi.org/simple",
                "verify_ssl": true
            }
        ]
    },
    "default": {
        "adal": {
            "hashes": [
                "sha256:82e84fa0b442caf8131f1e87a7ebee2546f57ab16a8917a599a02b6e455cb1b0",
                "sha256:b6edd095be66561382bdaa59d40b04490e93149fb3b7fa44c1fa5504eed5b8b9"
            ],
            "index": "pypi",
            "version": "==1.2.1"
        },
        "ansible": {
            "hashes": [
                "sha256:9ff024500116d53c460cb09ea92e3c9404119f100d1d1ff0de69a9dafca561d5"
            ],
            "index": "pypi",
            "version": "==2.10.7"
        },
        "ansible-base": {
            "hashes": [
                "sha256:ef925882ca8d4c3c2ccd091cde199e0c869024ccad0d07a337dcf207bff32f34"
            ],
            "markers": "python_version >= '2.7' and python_version not in '3.0, 3.1, 3.2, 3.3, 3.4'",
            "version": "==2.10.17"
        },
        "antlr4-python3-runtime": {
            "hashes": [
                "sha256:168cdcec8fb9152e84a87ca6fd261b3d54c8f6358f42ab3b813b14a7193bb50b"
            ],
            "index": "pypi",
            "version": "==4.7.2"
        },
        "applicationinsights": {
            "hashes": [
                "sha256:42a2eb05fad51ffdd8246fdf5b2d2c0166d2b34f75a06940a2443d7e17a219fe",
                "sha256:c4712ede8eeca57e611b7fd4b3b6c345745a4a002a08145ab45f92d31d900040"
            ],
            "index": "pypi",
            "version": "==0.11.7"
        },
        "argcomplete": {
            "hashes": [
                "sha256:2f2052ea5156eb5cc7edce9c0ddc937e30c49c1097d51b24f34350a08632a264",
                "sha256:45836de8cc63d2f6e06b898cef1e4ce1e9907d246ec77ac8e64f23f153d6bec1"
            ],
            "index": "pypi",
            "version": "==1.10.0"
        },
        "asn1crypto": {
            "hashes": [
                "sha256:2f1adbb7546ed199e3c90ef23ec95c5cf3585bac7d11fb7eb562a3fe89c64e87",
                "sha256:9d5c20441baf0cb60a4ac34cc447c6c189024b6b4c6cd7877034f4965c464e49"
            ],
            "index": "pypi",
            "version": "==0.24.0"
        },
        "bcrypt": {
            "hashes": [
                "sha256:0ba875eb67b011add6d8c5b76afbd92166e98b1f1efab9433d5dc0fafc76e203",
                "sha256:21ed446054c93e209434148ef0b362432bb82bbdaf7beef70a32c221f3e33d1c",
                "sha256:28a0459381a8021f57230954b9e9a65bb5e3d569d2c253c5cac6cb181d71cf23",
                "sha256:2aed3091eb6f51c26b7c2fad08d6620d1c35839e7a362f706015b41bd991125e",
                "sha256:2fa5d1e438958ea90eaedbf8082c2ceb1a684b4f6c75a3800c6ec1e18ebef96f",
                "sha256:3a73f45484e9874252002793518da060fb11eaa76c30713faa12115db17d1430",
                "sha256:3e489787638a36bb466cd66780e15715494b6d6905ffdbaede94440d6d8e7dba",
                "sha256:44636759d222baa62806bbceb20e96f75a015a6381690d1bc2eda91c01ec02ea",
                "sha256:678c21b2fecaa72a1eded0cf12351b153615520637efcadc09ecf81b871f1596",
                "sha256:75460c2c3786977ea9768d6c9d8957ba31b5fbeb0aae67a5c0e96aab4155f18c",
                "sha256:8ac06fb3e6aacb0a95b56eba735c0b64df49651c6ceb1ad1cf01ba75070d567f",
                "sha256:8fdced50a8b646fff8fa0e4b1c5fd940ecc844b43d1da5a980cb07f2d1b1132f",
                "sha256:9b2c5b640a2da533b0ab5f148d87fb9989bf9bcb2e61eea6a729102a6d36aef9",
                "sha256:a9083e7fa9adb1a4de5ac15f9097eb15b04e2c8f97618f1b881af40abce382e1",
                "sha256:b7e3948b8b1a81c5a99d41da5fb2dc03ddb93b5f96fcd3fd27e643f91efa33e1",
                "sha256:b998b8ca979d906085f6a5d84f7b5459e5e94a13fc27c28a3514437013b6c2f6",
                "sha256:dd08c50bc6f7be69cd7ba0769acca28c846ec46b7a8ddc2acf4b9ac6f8a7457e",
                "sha256:de5badee458544ab8125e63e39afeedfcf3aef6a6e2282ac159c95ae7472d773",
                "sha256:ede2a87333d24f55a4a7338a6ccdccf3eaa9bed081d1737e0db4dbd1a4f7e6b6"
            ],
            "index": "pypi",
            "version": "==3.1.6"
        },
        "certifi": {
            "hashes": [
                "sha256:59b7658e26ca9c7339e00f8f4636cdfe59d34fa37b9b04f6f9e9926b3cece1a5",
                "sha256:b26104d6835d1f5e49452a26eb2ff87fe7090b89dfcaee5ea2212697e1e1d7ae"
            ],
            "index": "pypi",
            "version": "==2019.3.9"
        },
        "cffi": {
            "hashes": [
                "sha256:005f2bfe11b6745d726dbb07ace4d53f057de66e336ff92d61b8c7e9c8f4777d",
                "sha256:09e96138280241bd355cd585148dec04dbbedb4f46128f340d696eaafc82dd7b",
                "sha256:0b1ad452cc824665ddc682400b62c9e4f5b64736a2ba99110712fdee5f2505c4",
                "sha256:0ef488305fdce2580c8b2708f22d7785ae222d9825d3094ab073e22e93dfe51f",
                "sha256:15f351bed09897fbda218e4db5a3d5c06328862f6198d4fb385f3e14e19decb3",
                "sha256:22399ff4870fb4c7ef19fff6eeb20a8bbf15571913c181c78cb361024d574579",
                "sha256:23e5d2040367322824605bc29ae8ee9175200b92cb5483ac7d466927a9b3d537",
                "sha256:2791f68edc5749024b4722500e86303a10d342527e1e3bcac47f35fbd25b764e",
                "sha256:2f9674623ca39c9ebe38afa3da402e9326c245f0f5ceff0623dccdac15023e05",
                "sha256:3363e77a6176afb8823b6e06db78c46dbc4c7813b00a41300a4873b6ba63b171",
                "sha256:33c6cdc071ba5cd6d96769c8969a0531be2d08c2628a0143a10a7dcffa9719ca",
                "sha256:3b8eaf915ddc0709779889c472e553f0d3e8b7bdf62dab764c8921b09bf94522",
                "sha256:3cb3e1b9ec43256c4e0f8d2837267a70b0e1ca8c4f456685508ae6106b1f504c",
                "sha256:3eeeb0405fd145e714f7633a5173318bd88d8bbfc3dd0a5751f8c4f70ae629bc",
                "sha256:44f60519595eaca110f248e5017363d751b12782a6f2bd6a7041cba275215f5d",
                "sha256:4d7c26bfc1ea9f92084a1d75e11999e97b62d63128bcc90c3624d07813c52808",
                "sha256:529c4ed2e10437c205f38f3691a68be66c39197d01062618c55f74294a4a4828",
                "sha256:6642f15ad963b5092d65aed022d033c77763515fdc07095208f15d3563003869",
                "sha256:85ba797e1de5b48aa5a8427b6ba62cf69607c18c5d4eb747604b7302f1ec382d",
                "sha256:8f0f1e499e4000c4c347a124fa6a27d37608ced4fe9f7d45070563b7c4c370c9",
                "sha256:a624fae282e81ad2e4871bdb767e2c914d0539708c0f078b5b355258293c98b0",
                "sha256:b0358e6fefc74a16f745afa366acc89f979040e0cbc4eec55ab26ad1f6a9bfbc",
                "sha256:bbd2f4dfee1079f76943767fce837ade3087b578aeb9f69aec7857d5bf25db15",
                "sha256:bf39a9e19ce7298f1bd6a9758fa99707e9e5b1ebe5e90f2c3913a47bc548747c",
                "sha256:c11579638288e53fc94ad60022ff1b67865363e730ee41ad5e6f0a17188b327a",
                "sha256:c150eaa3dadbb2b5339675b88d4573c1be3cb6f2c33a6c83387e10cc0bf05bd3",
                "sha256:c53af463f4a40de78c58b8b2710ade243c81cbca641e34debf3396a9640d6ec1",
                "sha256:cb763ceceae04803adcc4e2d80d611ef201c73da32d8f2722e9d0ab0c7f10768",
                "sha256:cc75f58cdaf043fe6a7a6c04b3b5a0e694c6a9e24050967747251fb80d7bce0d",
                "sha256:d80998ed59176e8cba74028762fbd9b9153b9afc71ea118e63bbf5d4d0f9552b",
                "sha256:de31b5164d44ef4943db155b3e8e17929707cac1e5bd2f363e67a56e3af4af6e",
                "sha256:e66399cf0fc07de4dce4f588fc25bfe84a6d1285cc544e67987d22663393926d",
                "sha256:f0620511387790860b249b9241c2f13c3a80e21a73e0b861a2df24e9d6f56730",
                "sha256:f4eae045e6ab2bb54ca279733fe4eb85f1effda392666308250714e01907f394",
                "sha256:f92cdecb618e5fa4658aeb97d5eb3d2f47aa94ac6477c6daf0f306c5a3b9e6b1",
                "sha256:f92f789e4f9241cd262ad7a555ca2c648a98178a953af117ef7fad46aa1d5591"
            ],
            "index": "pypi",
            "version": "==1.14.3"
        },
        "chardet": {
            "hashes": [
                "sha256:84ab92ed1c4d4f16916e05906b6b75a6c0fb5db821cc65e70cbd64a3e2a5eaae",
                "sha256:fc323ffcaeaed0e0a02bf4d117757b98aed530d9ed4531e3e15460124c106691"
            ],
            "index": "pypi",
            "version": "==3.0.4"
        },
        "colorama": {
            "hashes": [
                "sha256:05eed71e2e327246ad6b38c540c4a3117230b19679b875190486ddd2d721422d",
                "sha256:f8ac84de7840f5b9c4e3347b3c1eaa50f7e49c2b07596221daec5edaabbd7c48"
            ],
            "index": "pypi",
            "version": "==0.4.1"
        },
        "cryptography": {
            "hashes": [
                "sha256:0d7b69674b738068fa6ffade5c962ecd14969690585aaca0a1b1fc9058938a72",
                "sha256:1bd0ccb0a1ed775cd7e2144fe46df9dc03eefd722bbcf587b3e0616ea4a81eff",
                "sha256:3c284fc1e504e88e51c428db9c9274f2da9f73fdf5d7e13a36b8ecb039af6e6c",
                "sha256:49570438e60f19243e7e0d504527dd5fe9b4b967b5a1ff21cc12b57602dd85d3",
                "sha256:541dd758ad49b45920dda3b5b48c968f8b2533d8981bcdb43002798d8f7a89ed",
                "sha256:5a60d3780149e13b7a6ff7ad6526b38846354d11a15e21068e57073e29e19bed",
                "sha256:7951a966613c4211b6612b0352f5bf29989955ee592c4a885d8c7d0f830d0433",
                "sha256:922f9602d67c15ade470c11d616f2b2364950602e370c76f0c94c94ae672742e",
                "sha256:a0f0b96c572fc9f25c3f4ddbf4688b9b38c69836713fb255f4a2715d93cbaf44",
                "sha256:a777c096a49d80f9d2979695b835b0f9c9edab73b59e4ceb51f19724dda887ed",
                "sha256:a9a4ac9648d39ce71c2f63fe7dc6db144b9fa567ddfc48b9fde1b54483d26042",
                "sha256:aa4969f24d536ae2268c902b2c3d62ab464b5a66bcb247630d208a79a8098e9b",
                "sha256:c7390f9b2119b2b43160abb34f63277a638504ef8df99f11cb52c1fda66a2e6f",
                "sha256:e18e6ab84dfb0ab997faf8cca25a86ff15dfea4027b986322026cc99e0a892da"
            ],
            "index": "pypi",
            "version": "==3.3.2"
        },
        "deepmerge": {
            "hashes": [
                "sha256:3d37f739e74e8a284ee0bd683daaef88acc8438ba048545aefb87ade695a2a34",
                "sha256:ae23dd76d3c0d22d33a3fd3980c92d3f0773e4affb48d9b341847d0b0a24e8f8"
            ],
            "index": "pypi",
            "version": "==0.1.0"
        },
        "fabric": {
            "hashes": [
                "sha256:93684ceaac92e0b78faae551297e29c48370cede12ff0f853cdebf67d4b87068",
                "sha256:98538f2f3f63cf52497a8d0b24d18424ae83fe67ac7611225c72afb9e67f2cf6"
            ],
            "index": "pypi",
            "version": "==2.4.0"
        },
        "humanfriendly": {
            "hashes": [
                "sha256:23057b10ad6f782e7bc3a20e3cb6768ab919f619bbdc0dd75691121bbde5591d",
                "sha256:33ee8ceb63f1db61cce8b5c800c531e1a61023ac5488ccde2ba574a85be00a85"
            ],
            "index": "pypi",
            "version": "==4.18"
        },
        "idna": {
            "hashes": [
                "sha256:c357b3f628cf53ae2c4c05627ecc484553142ca23264e593d327bcde5e9c3407",
                "sha256:ea8b7f6188e6fa117537c3df7da9fc686d485087abf6ac197f9c46432f7e4a3c"
            ],
            "index": "pypi",
            "version": "==2.8"
        },
        "invoke": {
            "hashes": [
                "sha256:4f4de934b15c2276caa4fbc5a3b8a61c0eb0b234f2be1780d2b793321995c2d6",
                "sha256:dc492f8f17a0746e92081aec3f86ae0b4750bf41607ea2ad87e5a7b5705121b7",
                "sha256:eb6f9262d4d25b40330fb21d1e99bf0f85011ccc3526980f8a3eaedd4b43892e"
            ],
            "index": "pypi",
            "version": "==1.2.0"
        },
        "isodate": {
            "hashes": [
                "sha256:2e364a3d5759479cdb2d37cce6b9376ea504db2ff90252a2e5b7cc89cc9ff2d8",
                "sha256:aa4d33c06640f5352aca96e4b81afd8ab3b47337cc12089822d6f322ac772c81"
            ],
            "index": "pypi",
            "version": "==0.6.0"
        },
        "jinja2": {
            "hashes": [
                "sha256:065c4f02ebe7f7cf559e49ee5a95fb800a9e4528727aec6f24402a5374c65013",
                "sha256:14dd6caf1527abb21f08f86c784eac40853ba93edb79552aa1e4b8aef1b61c7b"
            ],
            "index": "pypi",
            "version": "==2.10.1"
        },
        "jmespath": {
            "hashes": [
                "sha256:3720a4b1bd659dd2eecad0666459b9788813e032b83e7ba58578e48254e0a0e6",
                "sha256:bde2aef6f44302dfb30320115b17d030798de8c4110e28d5cf6cf91a7a31074c"
            ],
            "index": "pypi",
            "version": "==0.9.4"
        },
        "knack": {
            "hashes": [
                "sha256:281ea8475178089ac730442a874413e1c40a5e7bd7d4107e4e6aef2a6a92bdcf",
                "sha256:dc2e0208883f93d4709be043415ffa492fcfca2a9ada73c0b9aefb08f8111a05"
            ],
            "index": "pypi",
            "version": "==0.6.2"
        },
        "markupsafe": {
            "hashes": [
                "sha256:00bc623926325b26bb9605ae9eae8a215691f33cae5df11ca5424f06f2d1f473",
                "sha256:09027a7803a62ca78792ad89403b1b7a73a01c8cb65909cd876f7fcebd79b161",
                "sha256:09c4b7f37d6c648cb13f9230d847adf22f8171b1ccc4d5682398e77f40309235",
                "sha256:1027c282dad077d0bae18be6794e6b6b8c91d58ed8a8d89a89d59693b9131db5",
                "sha256:13d3144e1e340870b25e7b10b98d779608c02016d5184cfb9927a9f10c689f42",
                "sha256:195d7d2c4fbb0ee8139a6cf67194f3973a6b3042d742ebe0a9ed36d8b6f0c07f",
                "sha256:22c178a091fc6630d0d045bdb5992d2dfe14e3259760e713c490da5323866c39",
                "sha256:24982cc2533820871eba85ba648cd53d8623687ff11cbb805be4ff7b4c971aff",
                "sha256:29872e92839765e546828bb7754a68c418d927cd064fd4708fab9fe9c8bb116b",
                "sha256:2beec1e0de6924ea551859edb9e7679da6e4870d32cb766240ce17e0a0ba2014",
                "sha256:3b8a6499709d29c2e2399569d96719a1b21dcd94410a586a18526b143ec8470f",
                "sha256:43a55c2930bbc139570ac2452adf3d70cdbb3cfe5912c71cdce1c2c6bbd9c5d1",
                "sha256:46c99d2de99945ec5cb54f23c8cd5689f6d7177305ebff350a58ce5f8de1669e",
                "sha256:500d4957e52ddc3351cabf489e79c91c17f6e0899158447047588650b5e69183",
                "sha256:535f6fc4d397c1563d08b88e485c3496cf5784e927af890fb3c3aac7f933ec66",
                "sha256:596510de112c685489095da617b5bcbbac7dd6384aeebeda4df6025d0256a81b",
                "sha256:62fe6c95e3ec8a7fad637b7f3d372c15ec1caa01ab47926cfdf7a75b40e0eac1",
                "sha256:6788b695d50a51edb699cb55e35487e430fa21f1ed838122d722e0ff0ac5ba15",
                "sha256:6dd73240d2af64df90aa7c4e7481e23825ea70af4b4922f8ede5b9e35f78a3b1",
                "sha256:6f1e273a344928347c1290119b493a1f0303c52f5a5eae5f16d74f48c15d4a85",
                "sha256:6fffc775d90dcc9aed1b89219549b329a9250d918fd0b8fa8d93d154918422e1",
                "sha256:717ba8fe3ae9cc0006d7c451f0bb265ee07739daf76355d06366154ee68d221e",
                "sha256:79855e1c5b8da654cf486b830bd42c06e8780cea587384cf6545b7d9ac013a0b",
                "sha256:7c1699dfe0cf8ff607dbdcc1e9b9af1755371f92a68f706051cc8c37d447c905",
                "sha256:7fed13866cf14bba33e7176717346713881f56d9d2bcebab207f7a036f41b850",
                "sha256:84dee80c15f1b560d55bcfe6d47b27d070b4681c699c572af2e3c7cc90a3b8e0",
                "sha256:88e5fcfb52ee7b911e8bb6d6aa2fd21fbecc674eadd44118a9cc3863f938e735",
                "sha256:8defac2f2ccd6805ebf65f5eeb132adcf2ab57aa11fdf4c0dd5169a004710e7d",
                "sha256:98bae9582248d6cf62321dcb52aaf5d9adf0bad3b40582925ef7c7f0ed85fceb",
                "sha256:98c7086708b163d425c67c7a91bad6e466bb99d797aa64f965e9d25c12111a5e",
                "sha256:9add70b36c5666a2ed02b43b335fe19002ee5235efd4b8a89bfcf9005bebac0d",
                "sha256:9bf40443012702a1d2070043cb6291650a0841ece432556f784f004937f0f32c",
                "sha256:a6a744282b7718a2a62d2ed9d993cad6f5f585605ad352c11de459f4108df0a1",
                "sha256:acf08ac40292838b3cbbb06cfe9b2cb9ec78fce8baca31ddb87aaac2e2dc3bc2",
                "sha256:ade5e387d2ad0d7ebf59146cc00c8044acbd863725f887353a10df825fc8ae21",
                "sha256:b00c1de48212e4cc9603895652c5c410df699856a2853135b3967591e4beebc2",
                "sha256:b1282f8c00509d99fef04d8ba936b156d419be841854fe901d8ae224c59f0be5",
                "sha256:b1dba4527182c95a0db8b6060cc98ac49b9e2f5e64320e2b56e47cb2831978c7",
                "sha256:b2051432115498d3562c084a49bba65d97cf251f5a331c64a12ee7e04dacc51b",
                "sha256:b7d644ddb4dbd407d31ffb699f1d140bc35478da613b441c582aeb7c43838dd8",
                "sha256:ba59edeaa2fc6114428f1637ffff42da1e311e29382d81b339c1817d37ec93c6",
                "sha256:bf5aa3cbcfdf57fa2ee9cd1822c862ef23037f5c832ad09cfea57fa846dec193",
                "sha256:c8716a48d94b06bb3b2524c2b77e055fb313aeb4ea620c8dd03a105574ba704f",
                "sha256:caabedc8323f1e93231b52fc32bdcde6db817623d33e100708d9a68e1f53b26b",
                "sha256:cd5df75523866410809ca100dc9681e301e3c27567cf498077e8551b6d20e42f",
                "sha256:cdb132fc825c38e1aeec2c8aa9338310d29d337bebbd7baa06889d09a60a1fa2",
                "sha256:d53bc011414228441014aa71dbec320c66468c1030aae3a6e29778a3382d96e5",
                "sha256:d73a845f227b0bfe8a7455ee623525ee656a9e2e749e4742706d80a6065d5e2c",
                "sha256:d9be0ba6c527163cbed5e0857c451fcd092ce83947944d6c14bc95441203f032",
                "sha256:e249096428b3ae81b08327a63a485ad0878de3fb939049038579ac0ef61e17e7",
                "sha256:e8313f01ba26fbbe36c7be1966a7b7424942f670f38e666995b88d012765b9be",
                "sha256:feb7b34d6325451ef96bc0e36e1a6c0c1c64bc1fbec4b854f4529e51887b1621"
            ],
            "index": "pypi",
            "version": "==1.1.1"
        },
        "mock": {
            "hashes": [
                "sha256:83657d894c90d5681d62155c82bda9c1187827525880eda8ff5df4ec813437c3",
                "sha256:d157e52d4e5b938c550f39eb2fd15610db062441a9c2747d3dbfa9298211d0f8"
            ],
            "index": "pypi",
            "version": "==3.0.5"
        },
        "msrest": {
            "hashes": [
                "sha256:05538c68251eb0c81bd2010524d8ff36d4266ec0669338fbdcecfd23c733231c",
                "sha256:8143093308975f815f968b0d2a1ac8e26ba217eb6d03f3f27aac616aa3a25bd0"
            ],
            "index": "pypi",
            "version": "==0.6.7"
        },
        "msrestazure": {
            "hashes": [
                "sha256:070220fa9c86b55026360435b655d1d67ff4306fd1412687c400dc549e9647b7",
                "sha256:e9d525b11d88f1073744e128ae19a4e023e4085893cfcfd02483fdd4cee25091"
            ],
            "index": "pypi",
            "version": "==0.6.1"
        },
        "ntlm-auth": {
            "hashes": [
                "sha256:bb2fd03c665f0f62c5f65695b62dcdb07fb7a45df6ebc86c770be2054d6902dd",
                "sha256:ce5b4483ed761f341a538a426a71a52e5a9cf5fd834ebef1d2090f9eef14b3f8"
            ],
            "index": "pypi",
            "version": "==1.3.0"
        },
        "oauthlib": {
            "hashes": [
                "sha256:0ce32c5d989a1827e3f1148f98b9085ed2370fc939bf524c9c851d8714797298",
                "sha256:3e1e14f6cde7e5475128d30e97edc3bfb4dc857cb884d8714ec161fdbb3b358e"
            ],
            "index": "pypi",
            "version": "==3.0.1"
        },
        "packaging": {
            "hashes": [
                "sha256:dd47c42927d89ab911e606518907cc2d3a1f38bbd026385970643f9c5b8ecfeb",
                "sha256:ef103e05f519cdc783ae24ea4e2e0f508a9c99b2d4969652eed6a2e1ea5bd522"
            ],
            "markers": "python_version >= '3.6'",
            "version": "==21.3"
        },
        "paramiko": {
            "hashes": [
                "sha256:443f4da23ec24e9a9c0ea54017829c282abdda1d57110bf229360775ccd27a31",
                "sha256:f6cbd3e1204abfdbcd40b3ecbc9d32f04027cd3080fe666245e21e7540ccfc1b"
            ],
            "index": "pypi",
            "version": "==2.10.1"
        },
        "portalocker": {
            "hashes": [
                "sha256:3f2a56d3d90e2ac5659ee744336e6953c0050bb61fccb97090a03de5c2a4db9f",
                "sha256:95ec72fd36c230b92634dcffde65686e585a9a8569b9ba806dff41f56e255fbf"
            ],
            "index": "pypi",
            "version": "==1.2.1"
        },
        "prompt-toolkit": {
            "hashes": [
                "sha256:1e71341526efa4b11bb44d323e687a5d9cef204aabe2907e3f0dc1534cda0ecc",
                "sha256:955d81315bb7a049f19cd17d1a73f1a40861483260f7dffd825e98303a8bd6b6",
                "sha256:c1cedd626e08b8ee830ee65897de754113ff3f3035880030c08b01674d85c5b4"
            ],
            "index": "pypi",
            "version": "==1.0.16"
        },
        "psutil": {
            "hashes": [
                "sha256:06660136ab88762309775fd47290d7da14094422d915f0466e0adf8e4b22214e",
                "sha256:0c11adde31011a286197630ba2671e34651f004cc418d30ae06d2033a43c9e20",
                "sha256:0c211eec4185725847cb6c28409646c7cfa56fdb531014b35f97b5dc7fe04ff9",
                "sha256:0fc7a5619b47f74331add476fbc6022d7ca801c22865c7069ec0867920858963",
                "sha256:3004361c6b93dbad71330d992c1ae409cb8314a6041a0b67507cc882357f583e",
                "sha256:5e8dbf31871b0072bcba8d1f2861c0ec6c84c78f13c723bb6e981bce51b58f12",
                "sha256:6d81b9714791ef9a3a00b2ca846ee547fc5e53d259e2a6258c3d2054928039ff",
                "sha256:724390895cff80add7a1c4e7e0a04d9c94f3ee61423a2dcafd83784fabbd1ee9",
                "sha256:ad21281f7bd6c57578dd53913d2d44218e9e29fd25128d10ff7819ef16fa46e7",
                "sha256:f21a7bb4b207e4e7c60b3c40ffa89d790997619f04bbecec9db8e3696122bc78",
                "sha256:f60042bef7dc50a78c06334ca8e25580455948ba2fa98f240d034a4fed9141a5"
            ],
            "index": "pypi",
            "version": "==5.6.6"
        },
        "pyasn1": {
            "hashes": [
                "sha256:061442c60842f6d11051d4fdae9bc197b64bd41573a12234a753a0cb80b4f30b",
                "sha256:0ee2449bf4c4e535823acc25624c45a8b454f328d59d3f3eeb82d3567100b9bd",
                "sha256:5f9fb05c33e53b9a6ee3b1ed1d292043f83df465852bec876e93b47fd2df7eed",
                "sha256:65201d28e081f690a32401e6253cca4449ccacc8f3988e811fae66bd822910ee",
                "sha256:79b336b073a52fa3c3d8728e78fa56b7d03138ef59f44084de5f39650265b5ff",
                "sha256:8ec20f61483764de281e0b4aba7d12716189700debcfa9e7935780850bf527f3",
                "sha256:9458d0273f95d035de4c0d5e0643f25daba330582cc71bb554fe6969c015042a",
                "sha256:98d97a1833a29ca61cd04a60414def8f02f406d732f9f0bcb49f769faff1b699",
                "sha256:b00d7bfb6603517e189d1ad76967c7e805139f63e43096e5f871d1277f50aea5",
                "sha256:b06c0cfd708b806ea025426aace45551f91ea7f557e0c2d4fbd9a4b346873ce0",
                "sha256:d14d05984581770333731690f5453efd4b82e1e5d824a1d7976b868a2e5c38e8",
                "sha256:da2420fe13a9452d8ae97a0e478adde1dee153b11ba832a95b223a2ba01c10f7",
                "sha256:da6b43a8c9ae93bc80e2739efb38cc776ba74a886e3e9318d65fe81a8b8a2c6e"
            ],
            "index": "pypi",
            "version": "==0.4.5"
        },
        "pycparser": {
            "hashes": [
                "sha256:a988718abfad80b6b157acce7bf130a30876d27603738ac39f140993246b25b3"
            ],
            "index": "pypi",
            "version": "==2.19"
        },
        "pydocumentdb": {
            "hashes": [
                "sha256:77c8da2b50920442da42f13b2cb9ff0a4062a982b26d9381ba30b12bcc1b97b9",
                "sha256:add40f06ac9663ec87a14dd6af89a3075715c2f8dae49608e63c3bf8b6ee6f5e"
            ],
            "index": "pypi",
            "version": "==2.3.3"
        },
        "pygments": {
            "hashes": [
                "sha256:71e430bc85c88a430f000ac1d9b331d2407f681d6f6aec95e8bcfbc3df5b0127",
                "sha256:881c4c157e45f30af185c1ffe8d549d48ac9127433f2c380c24b84572ad66297"
            ],
            "index": "pypi",
            "version": "==2.4.2"
        },
        "pyjwt": {
            "hashes": [
                "sha256:5c6eca3c2940464d106b99ba83b00c6add741c9becaec087fb7ccdefea71350e",
                "sha256:8d59a976fb773f3e6a39c85636357c4f0e242707394cadadd9814f5cbaa20e96"
            ],
            "index": "pypi",
            "version": "==1.7.1"
        },
        "pynacl": {
            "hashes": [
                "sha256:05c26f93964373fc0abe332676cb6735f0ecad27711035b9472751faa8521255",
                "sha256:0c6100edd16fefd1557da078c7a31e7b7d7a52ce39fdca2bec29d4f7b6e7600c",
                "sha256:0d0a8171a68edf51add1e73d2159c4bc19fc0718e79dec51166e940856c2f28e",
                "sha256:1c780712b206317a746ace34c209b8c29dbfd841dfbc02aa27f2084dd3db77ae",
                "sha256:2424c8b9f41aa65bbdbd7a64e73a7450ebb4aa9ddedc6a081e7afcc4c97f7621",
                "sha256:2d23c04e8d709444220557ae48ed01f3f1086439f12dbf11976e849a4926db56",
                "sha256:30f36a9c70450c7878053fa1344aca0145fd47d845270b43a7ee9192a051bf39",
                "sha256:37aa336a317209f1bb099ad177fef0da45be36a2aa664507c5d72015f956c310",
                "sha256:4943decfc5b905748f0756fdd99d4f9498d7064815c4cf3643820c9028b711d1",
                "sha256:53126cd91356342dcae7e209f840212a58dcf1177ad52c1d938d428eebc9fee5",
                "sha256:57ef38a65056e7800859e5ba9e6091053cd06e1038983016effaffe0efcd594a",
                "sha256:5bd61e9b44c543016ce1f6aef48606280e45f892a928ca7068fba30021e9b786",
                "sha256:6482d3017a0c0327a49dddc8bd1074cc730d45db2ccb09c3bac1f8f32d1eb61b",
                "sha256:7d3ce02c0784b7cbcc771a2da6ea51f87e8716004512493a2b69016326301c3b",
                "sha256:a14e499c0f5955dcc3991f785f3f8e2130ed504fa3a7f44009ff458ad6bdd17f",
                "sha256:a39f54ccbcd2757d1d63b0ec00a00980c0b382c62865b61a505163943624ab20",
                "sha256:aabb0c5232910a20eec8563503c153a8e78bbf5459490c49ab31f6adf3f3a415",
                "sha256:bd4ecb473a96ad0f90c20acba4f0bf0df91a4e03a1f4dd6a4bdc9ca75aa3a715",
                "sha256:bf459128feb543cfca16a95f8da31e2e65e4c5257d2f3dfa8c0c1031139c9c92",
                "sha256:e2da3c13307eac601f3de04887624939aca8ee3c9488a0bb0eca4fb9401fc6b1",
                "sha256:f67814c38162f4deb31f68d590771a29d5ae3b1bd64b75cf232308e5c74777e0"
            ],
            "index": "pypi",
            "version": "==1.3.0"
        },
        "pyopenssl": {
            "hashes": [
                "sha256:aeca66338f6de19d1aa46ed634c3b9ae519a64b458f8468aec688e7e3c20f200",
                "sha256:c727930ad54b10fc157015014b666f2d8b41f70c0d03e83ab67624fd3dd5d1e6"
            ],
            "index": "pypi",
            "version": "==19.0.0"
        },
        "pyparsing": {
            "hashes": [
                "sha256:18ee9022775d270c55187733956460083db60b37d0d0fb357445f3094eed3eea",
                "sha256:a6c06a88f252e6c322f65faf8f418b16213b51bdfaece0524c1c1bc30c63c484"
            ],
            "markers": "python_version >= '3.6'",
            "version": "==3.0.7"
        },
        "pyperclip": {
            "hashes": [
                "sha256:979325468ccf682104d5dcaf753f869868100631301d3e72f47babdea5700d1c"
            ],
            "index": "pypi",
            "version": "==1.7.0"
        },
        "python-dateutil": {
            "hashes": [
                "sha256:7e6584c74aeed623791615e26efd690f29817a27c73085b78e4bad02493df2fb",
                "sha256:c89805f6f4d64db21ed966fda138f8a5ed7a4fdbc1a8ee329ce1b74e3c74da9e"
            ],
            "index": "pypi",
            "version": "==2.8.0"
        },
        "python-terraform": {
            "hashes": [
                "sha256:b09118fe28f0905ae079e13c8d3dd827edcf724790d4f10e887ec216789278f8"
            ],
            "index": "pypi",
            "version": "==0.10.0"
        },
        "pytz": {
            "hashes": [
                "sha256:303879e36b721603cc54604edcac9d20401bdbe31e1e4fdee5b9f98d5d31dfda",
                "sha256:d747dd3d23d77ef44c6a3526e274af6efeb0a6f1afd5a69ba4d5be4098c8e141"
            ],
            "index": "pypi",
            "version": "==2019.1"
        },
        "pywinrm": {
            "hashes": [
                "sha256:799fc3e33fec8684443adf5778860388289102ea4fa1458f1bf307d167855573",
                "sha256:ade21b22c72eb3e2e4656798c232ee5f7ce07d157184561eec50691502bc7464"
            ],
            "index": "pypi",
            "version": "==0.3.0"
        },
        "pyyaml": {
            "hashes": [
                "sha256:ef3a0d5a5e950747f4a39ed7b204e036b37f9bddc7551c1a813b8727515a832e"
            ],
            "index": "pypi",
            "version": "==4.2b1"
        },
        "requests": {
            "hashes": [
                "sha256:11e007a8a2aa0323f5a921e9e6a2d7e4e67d9877e85773fba9ba6419025cbeb4",
                "sha256:9cf5292fcd0f598c671cfc1e0d7d1a7f13bb8085e9a590f48c010551dc6c4b31"
            ],
            "index": "pypi",
            "version": "==2.22.0"
        },
        "requests-ntlm": {
            "hashes": [
                "sha256:1eb43d1026b64d431a8e0f1e8a8c8119ac698e72e9b95102018214411a8463ea",
                "sha256:9189c92e8c61ae91402a64b972c4802b2457ce6a799d658256ebf084d5c7eb71"
            ],
            "index": "pypi",
            "version": "==1.1.0"
        },
        "requests-oauthlib": {
            "hashes": [
                "sha256:bd6533330e8748e94bf0b214775fed487d309b8b8fe823dc45641ebcd9a32f57",
                "sha256:d3ed0c8f2e3bbc6b344fa63d6f933745ab394469da38db16bdddb461c7e25140",
                "sha256:dd5a0499abfefd087c6dd96693cbd5bfd28aa009719a7f85ab3fabe3956ef19a"
            ],
            "index": "pypi",
            "version": "==1.2.0"
        },
        "scp": {
            "hashes": [
                "sha256:26c0bbc7ea29c30ec096ae67b0afa7a6b7c557b2ce8f740109ee72a0d52af7d1",
                "sha256:ef9d6e67c0331485d3db146bf9ee9baff8a48f3eb0e6c08276a8584b13bf34b3"
            ],
            "index": "pypi",
            "version": "==0.13.2"
        },
        "six": {
            "hashes": [
                "sha256:3350809f0555b11f552448330d0b52d5f24c91a322ea4a15ef22629740f3761c",
                "sha256:d16a0141ec1a18405cd4ce8b4613101da75da0e9a7aec5bdd4fa804d0e0eba73"
            ],
            "index": "pypi",
            "version": "==1.12.0"
        },
        "sshtunnel": {
            "hashes": [
                "sha256:18cfe4c95d435f48ce71b5e087b64861b7ce0bee0affb0394d0ebcbb432036e9",
                "sha256:224b0b8b3d3fa043934b3823365ff396fd2b8cb3822649cc43d6a203751225a0",
                "sha256:583b0e4cb80a2bc417b6443ebca77964709004059d598533b3c221c74078a0c7",
                "sha256:5eee2e414c3fd9e9ef5d058bebece272a6aae928849ef7f2d9561b7fffab7aea",
                "sha256:625ad4c3fdfa76152e66b7e09364479da364be932158d20bcabfb887fd680c38",
                "sha256:a60834ba3226f6695d72eb73ceff9275179b660d0103f6824d1610581b519f36",
                "sha256:c813fdcda8e81c3936ffeac47cb69cfb2d1f5e77ad0de656c6dab56aeebd9249",
                "sha256:fb2e721c764e3daf7f087dfb52f3cce903b60f092babcd3edbe82fd7ca508ede"
            ],
            "index": "pypi",
            "version": "==0.1.5"
        },
        "tabulate": {
            "hashes": [
                "sha256:8af07a39377cee1103a5c8b3330a421c2d99b9141e9cc5ddd2e3263fea416943"
            ],
            "index": "pypi",
            "version": "==0.8.3"
        },
        "terrascript": {
            "hashes": [
                "sha256:12ce84811e0e8778dec14f54b056557d8601b69016a7f97815e42edbb3386732",
                "sha256:19461be96fef816a7897890b775a774035e01e9779cde21d3836ab8a8d8ae999",
                "sha256:20fd061c3da7d7eac887b92c47011057d719b1040c66edf0d9e43bfd7f22bd59"
            ],
            "index": "pypi",
            "version": "==0.6.0"
        },
        "urllib3": {
            "hashes": [
                "sha256:b246607a25ac80bedac05c6f282e3cdaf3afb65420fd024ac94435cabe6e18d1",
                "sha256:dbe59173209418ae49d485b87d1681aefa36252ee85884c31346debd19463232"
            ],
            "index": "pypi",
            "version": "==1.25.3"
        },
        "vsts": {
            "hashes": [
                "sha256:c5595a42c9447888ebc91494d2db03c2b867cbca9f1f5f05c113261b92383e35",
                "sha256:da179160121f5b38be061dbff29cd2b60d5d029b2207102454d77a7114e64f97"
            ],
            "index": "pypi",
            "version": "==0.1.25"
        },
        "vsts-cd-manager": {
            "hashes": [
                "sha256:0bb09059cd553e1c206e92ef324cb0dcf92334846d646c44c684f6256b86447b"
            ],
            "index": "pypi",
            "version": "==1.0.2"
        },
        "wcwidth": {
            "hashes": [
                "sha256:3df37372226d6e63e1b1e1eda15c594bca98a22d33a23832a90998faa96bc65e",
                "sha256:f4ebe71925af7b40a864553f761ed559b43544f8f71746c2d756c7fe788ade7c"
            ],
            "index": "pypi",
            "version": "==0.1.7"
        },
        "websocket-client": {
            "hashes": [
                "sha256:1151d5fb3a62dc129164292e1227655e4bbc5dd5340a5165dfae61128ec50aa9",
                "sha256:1fd5520878b68b84b5748bb30e592b10d0a91529d5383f74f4964e72b297fd3a"
            ],
            "index": "pypi",
            "version": "==0.56.0"
        },
        "xmltodict": {
            "hashes": [
                "sha256:50d8c638ed7ecb88d90561beedbf720c9b4e851a9fa6c47ebd64e99d166d8a21",
                "sha256:8bbcb45cc982f48b2ca8fe7e7827c5d792f217ecf1792626f808bf41c3b86051"
            ],
            "index": "pypi",
            "version": "==0.12.0"
        }
    },
    "develop": {}
}
